
Microsoft Visual Studio Solution File, Format Version 12.00
# Visual Studio Version 17
VisualStudioVersion = 17.0.32112.339
MinimumVisualStudioVersion = 10.0.40219.1
Project("{9A19103F-16F7-4668-BE54-9A1E7A4F7556}") = "Factory", "Factory\Factory.csproj", "{817E77E7-189E-430F-BE97-419C17079BFF}"
EndProject
Project("{9A19103F-16F7-4668-BE54-9A1E7A4F7556}") = "Factory.Core", "Factory.Application\Factory.Core.csproj", "{70F077E6-F0E3-4C25-97EF-CDE46012380C}"
EndProject
Project("{FAE04EC0-301F-11D3-BF4B-00C04F79EFBC}") = "Factory.ConsoleApp", "Factory.ConsoleApp\Factory.ConsoleApp.csproj", "{9645351B-569B-479A-B795-AAD977E8CCFD}"
EndProject
Global
	GlobalSection(SolutionConfigurationPlatforms) = preSolution
		Debug|Any CPU = Debug|Any CPU
		Release|Any CPU = Release|Any CPU
	EndGlobalSection
	GlobalSection(ProjectConfigurationPlatforms) = postSolution
		{817E77E7-189E-430F-BE97-419C17079BFF}.Debug|Any CPU.ActiveCfg = Debug|Any CPU
		{817E77E7-189E-430F-BE97-419C17079BFF}.Debug|Any CPU.Build.0 = Debug|Any CPU
		{817E77E7-189E-430F-BE97-419C17079BFF}.Release|Any CPU.ActiveCfg = Release|Any CPU
		{817E77E7-189E-430F-BE97-419C17079BFF}.Release|Any CPU.Build.0 = Release|Any CPU
		{70F077E6-F0E3-4C25-97EF-CDE46012380C}.Debug|Any CPU.ActiveCfg = Debug|Any CPU
		{70F077E6-F0E3-4C25-97EF-CDE46012380C}.Debug|Any CPU.Build.0 = Debug|Any CPU
		{70F077E6-F0E3-4C25-97EF-CDE46012380C}.Release|Any CPU.ActiveCfg = Release|Any CPU
		{70F077E6-F0E3-4C25-97EF-CDE46012380C}.Release|Any CPU.Build.0 = Release|Any CPU
		{9645351B-569B-479A-B795-AAD977E8CCFD}.Debug|Any CPU.ActiveCfg = Debug|Any CPU
		{9645351B-569B-479A-B795-AAD977E8CCFD}.Debug|Any CPU.Build.0 = Debug|Any CPU
		{9645351B-569B-479A-B795-AAD977E8CCFD}.Release|Any CPU.ActiveCfg = Release|Any CPU
		{9645351B-569B-479A-B795-AAD977E8CCFD}.Release|Any CPU.Build.0 = Release|Any CPU
	EndGlobalSection
	GlobalSection(SolutionProperties) = preSolution
		HideSolutionNode = FALSE
	EndGlobalSection
	GlobalSection(ExtensibilityGlobals) = postSolution
		SolutionGuid = {DB0C3720-FE8E-45C1-82BF-BA6D28FF3F68}
	EndGlobalSection
EndGlobal
